// !$*UTF8*$!
{
	archiveVersion = 1;
	classes = {
	};
	objectVersion = 51;
	objects = {

/* Begin PBXBuildFile section */
		899F22040B1F7EFE4AE117D2 /* Pods_socialApp.framework in Frameworks */ = {isa = PBXBuildFile; fileRef = B92001CF9E7B5E79C073D2F2 /* Pods_socialApp.framework */; };
		D86016A96EEC8E6A33345D61 /* Pods_socialAppTests.framework in Frameworks */ = {isa = PBXBuildFile; fileRef = 1F53BF204304739769A05EDB /* Pods_socialAppTests.framework */; };
		E8AEF0EEAA9BA3EEECE0B267 /* Pods_socialApp_socialAppUITests.framework in Frameworks */ = {isa = PBXBuildFile; fileRef = 87B25A7CF81447D8551EE4BF /* Pods_socialApp_socialAppUITests.framework */; };
		FB94CDA52695DAE6006618E4 /* IndentedTextField.swift in Sources */ = {isa = PBXBuildFile; fileRef = FB94CDA42695DAE6006618E4 /* IndentedTextField.swift */; };
		FB94CDA72695DF65006618E4 /* MainTabBarController.swift in Sources */ = {isa = PBXBuildFile; fileRef = FB94CDA62695DF65006618E4 /* MainTabBarController.swift */; };
		FB94CDAA2695E2F9006618E4 /* HomeController.swift in Sources */ = {isa = PBXBuildFile; fileRef = FB94CDA92695E2F9006618E4 /* HomeController.swift */; };
		FBE5AA802691EE9100496967 /* AppDelegate.swift in Sources */ = {isa = PBXBuildFile; fileRef = FBE5AA7F2691EE9100496967 /* AppDelegate.swift */; };
		FBE5AA822691EE9100496967 /* SceneDelegate.swift in Sources */ = {isa = PBXBuildFile; fileRef = FBE5AA812691EE9100496967 /* SceneDelegate.swift */; };
		FBE5AA842691EE9100496967 /* LoginController.swift in Sources */ = {isa = PBXBuildFile; fileRef = FBE5AA832691EE9100496967 /* LoginController.swift */; };
		FBE5AA872691EE9100496967 /* Main.storyboard in Resources */ = {isa = PBXBuildFile; fileRef = FBE5AA852691EE9100496967 /* Main.storyboard */; };
		FBE5AA892691EE9300496967 /* Assets.xcassets in Resources */ = {isa = PBXBuildFile; fileRef = FBE5AA882691EE9300496967 /* Assets.xcassets */; };
		FBE5AA8C2691EE9300496967 /* LaunchScreen.storyboard in Resources */ = {isa = PBXBuildFile; fileRef = FBE5AA8A2691EE9300496967 /* LaunchScreen.storyboard */; };
		FBE5AA972691EE9300496967 /* socialAppTests.swift in Sources */ = {isa = PBXBuildFile; fileRef = FBE5AA962691EE9300496967 /* socialAppTests.swift */; };
		FBE5AAA22691EE9400496967 /* socialAppUITests.swift in Sources */ = {isa = PBXBuildFile; fileRef = FBE5AAA12691EE9400496967 /* socialAppUITests.swift */; };
		FBE5AAB02691FE0500496967 /* Extensions.swift in Sources */ = {isa = PBXBuildFile; fileRef = FBE5AAAF2691FE0500496967 /* Extensions.swift */; };
/* End PBXBuildFile section */

/* Begin PBXContainerItemProxy section */
		FBE5AA932691EE9300496967 /* PBXContainerItemProxy */ = {
			isa = PBXContainerItemProxy;
			containerPortal = FBE5AA742691EE9000496967 /* Project object */;
			proxyType = 1;
			remoteGlobalIDString = FBE5AA7B2691EE9100496967;
			remoteInfo = socialApp;
		};
		FBE5AA9E2691EE9300496967 /* PBXContainerItemProxy */ = {
			isa = PBXContainerItemProxy;
			containerPortal = FBE5AA742691EE9000496967 /* Project object */;
			proxyType = 1;
			remoteGlobalIDString = FBE5AA7B2691EE9100496967;
			remoteInfo = socialApp;
		};
/* End PBXContainerItemProxy section */

/* Begin PBXFileReference section */
		12112232B89C3476AF22FB6D /* Pods-socialAppTests.debug.xcconfig */ = {isa = PBXFileReference; includeInIndex = 1; lastKnownFileType = text.xcconfig; name = "Pods-socialAppTests.debug.xcconfig"; path = "Target Support Files/Pods-socialAppTests/Pods-socialAppTests.debug.xcconfig"; sourceTree = "<group>"; };
		139D7EEE77C9493E82BB3C51 /* Pods-socialApp.release.xcconfig */ = {isa = PBXFileReference; includeInIndex = 1; lastKnownFileType = text.xcconfig; name = "Pods-socialApp.release.xcconfig"; path = "Target Support Files/Pods-socialApp/Pods-socialApp.release.xcconfig"; sourceTree = "<group>"; };
		1F53BF204304739769A05EDB /* Pods_socialAppTests.framework */ = {isa = PBXFileReference; explicitFileType = wrapper.framework; includeInIndex = 0; path = Pods_socialAppTests.framework; sourceTree = BUILT_PRODUCTS_DIR; };
		32733B2095250ED457C8D8CE /* Pods-socialApp.debug.xcconfig */ = {isa = PBXFileReference; includeInIndex = 1; lastKnownFileType = text.xcconfig; name = "Pods-socialApp.debug.xcconfig"; path = "Target Support Files/Pods-socialApp/Pods-socialApp.debug.xcconfig"; sourceTree = "<group>"; };
		568C8A696EC28F6C23B0D6D9 /* Pods-socialAppTests.release.xcconfig */ = {isa = PBXFileReference; includeInIndex = 1; lastKnownFileType = text.xcconfig; name = "Pods-socialAppTests.release.xcconfig"; path = "Target Support Files/Pods-socialAppTests/Pods-socialAppTests.release.xcconfig"; sourceTree = "<group>"; };
		87B25A7CF81447D8551EE4BF /* Pods_socialApp_socialAppUITests.framework */ = {isa = PBXFileReference; explicitFileType = wrapper.framework; includeInIndex = 0; path = Pods_socialApp_socialAppUITests.framework; sourceTree = BUILT_PRODUCTS_DIR; };
		B92001CF9E7B5E79C073D2F2 /* Pods_socialApp.framework */ = {isa = PBXFileReference; explicitFileType = wrapper.framework; includeInIndex = 0; path = Pods_socialApp.framework; sourceTree = BUILT_PRODUCTS_DIR; };
		E2E477D64577C47D3F88E8B8 /* Pods-socialApp-socialAppUITests.debug.xcconfig */ = {isa = PBXFileReference; includeInIndex = 1; lastKnownFileType = text.xcconfig; name = "Pods-socialApp-socialAppUITests.debug.xcconfig"; path = "Target Support Files/Pods-socialApp-socialAppUITests/Pods-socialApp-socialAppUITests.debug.xcconfig"; sourceTree = "<group>"; };
		FB94CDA42695DAE6006618E4 /* IndentedTextField.swift */ = {isa = PBXFileReference; lastKnownFileType = sourcecode.swift; path = IndentedTextField.swift; sourceTree = "<group>"; };
		FB94CDA62695DF65006618E4 /* MainTabBarController.swift */ = {isa = PBXFileReference; lastKnownFileType = sourcecode.swift; path = MainTabBarController.swift; sourceTree = "<group>"; };
		FB94CDA92695E2F9006618E4 /* HomeController.swift */ = {isa = PBXFileReference; lastKnownFileType = sourcecode.swift; path = HomeController.swift; sourceTree = "<group>"; };
		FBE5AA7C2691EE9100496967 /* socialApp.app */ = {isa = PBXFileReference; explicitFileType = wrapper.application; includeInIndex = 0; path = socialApp.app; sourceTree = BUILT_PRODUCTS_DIR; };
		FBE5AA7F2691EE9100496967 /* AppDelegate.swift */ = {isa = PBXFileReference; lastKnownFileType = sourcecode.swift; path = AppDelegate.swift; sourceTree = "<group>"; };
		FBE5AA812691EE9100496967 /* SceneDelegate.swift */ = {isa = PBXFileReference; lastKnownFileType = sourcecode.swift; path = SceneDelegate.swift; sourceTree = "<group>"; };
		FBE5AA832691EE9100496967 /* LoginController.swift */ = {isa = PBXFileReference; lastKnownFileType = sourcecode.swift; path = LoginController.swift; sourceTree = "<group>"; wrapsLines = 0; };
		FBE5AA862691EE9100496967 /* Base */ = {isa = PBXFileReference; lastKnownFileType = file.storyboard; name = Base; path = Base.lproj/Main.storyboard; sourceTree = "<group>"; };
		FBE5AA882691EE9300496967 /* Assets.xcassets */ = {isa = PBXFileReference; lastKnownFileType = folder.assetcatalog; path = Assets.xcassets; sourceTree = "<group>"; };
		FBE5AA8B2691EE9300496967 /* Base */ = {isa = PBXFileReference; lastKnownFileType = file.storyboard; name = Base; path = Base.lproj/LaunchScreen.storyboard; sourceTree = "<group>"; };
		FBE5AA8D2691EE9300496967 /* Info.plist */ = {isa = PBXFileReference; lastKnownFileType = text.plist.xml; path = Info.plist; sourceTree = "<group>"; };
		FBE5AA922691EE9300496967 /* socialAppTests.xctest */ = {isa = PBXFileReference; explicitFileType = wrapper.cfbundle; includeInIndex = 0; path = socialAppTests.xctest; sourceTree = BUILT_PRODUCTS_DIR; };
		FBE5AA962691EE9300496967 /* socialAppTests.swift */ = {isa = PBXFileReference; lastKnownFileType = sourcecode.swift; path = socialAppTests.swift; sourceTree = "<group>"; };
		FBE5AA982691EE9300496967 /* Info.plist */ = {isa = PBXFileReference; lastKnownFileType = text.plist.xml; path = Info.plist; sourceTree = "<group>"; };
		FBE5AA9D2691EE9300496967 /* socialAppUITests.xctest */ = {isa = PBXFileReference; explicitFileType = wrapper.cfbundle; includeInIndex = 0; path = socialAppUITests.xctest; sourceTree = BUILT_PRODUCTS_DIR; };
		FBE5AAA12691EE9400496967 /* socialAppUITests.swift */ = {isa = PBXFileReference; lastKnownFileType = sourcecode.swift; path = socialAppUITests.swift; sourceTree = "<group>"; };
		FBE5AAA32691EE9400496967 /* Info.plist */ = {isa = PBXFileReference; lastKnownFileType = text.plist.xml; path = Info.plist; sourceTree = "<group>"; };
		FBE5AAAF2691FE0500496967 /* Extensions.swift */ = {isa = PBXFileReference; lastKnownFileType = sourcecode.swift; path = Extensions.swift; sourceTree = "<group>"; };
		FC9D244C9AE597B8A540E0DA /* Pods-socialApp-socialAppUITests.release.xcconfig */ = {isa = PBXFileReference; includeInIndex = 1; lastKnownFileType = text.xcconfig; name = "Pods-socialApp-socialAppUITests.release.xcconfig"; path = "Target Support Files/Pods-socialApp-socialAppUITests/Pods-socialApp-socialAppUITests.release.xcconfig"; sourceTree = "<group>"; };
/* End PBXFileReference section */

/* Begin PBXFrameworksBuildPhase section */
		FBE5AA792691EE9100496967 /* Frameworks */ = {
			isa = PBXFrameworksBuildPhase;
			buildActionMask = 2147483647;
			files = (
				899F22040B1F7EFE4AE117D2 /* Pods_socialApp.framework in Frameworks */,
			);
			runOnlyForDeploymentPostprocessing = 0;
		};
		FBE5AA8F2691EE9300496967 /* Frameworks */ = {
			isa = PBXFrameworksBuildPhase;
			buildActionMask = 2147483647;
			files = (
				D86016A96EEC8E6A33345D61 /* Pods_socialAppTests.framework in Frameworks */,
			);
			runOnlyForDeploymentPostprocessing = 0;
		};
		FBE5AA9A2691EE9300496967 /* Frameworks */ = {
			isa = PBXFrameworksBuildPhase;
			buildActionMask = 2147483647;
			files = (
				E8AEF0EEAA9BA3EEECE0B267 /* Pods_socialApp_socialAppUITests.framework in Frameworks */,
			);
			runOnlyForDeploymentPostprocessing = 0;
		};
/* End PBXFrameworksBuildPhase section */

/* Begin PBXGroup section */
		0DC9260A9BA1EF473E80C9E2 /* Pods */ = {
			isa = PBXGroup;
			children = (
				32733B2095250ED457C8D8CE /* Pods-socialApp.debug.xcconfig */,
				139D7EEE77C9493E82BB3C51 /* Pods-socialApp.release.xcconfig */,
				E2E477D64577C47D3F88E8B8 /* Pods-socialApp-socialAppUITests.debug.xcconfig */,
				FC9D244C9AE597B8A540E0DA /* Pods-socialApp-socialAppUITests.release.xcconfig */,
				12112232B89C3476AF22FB6D /* Pods-socialAppTests.debug.xcconfig */,
				568C8A696EC28F6C23B0D6D9 /* Pods-socialAppTests.release.xcconfig */,
			);
			path = Pods;
			sourceTree = "<group>";
		};
		7D2DE1690FBE3E4E81AE5AA8 /* Frameworks */ = {
			isa = PBXGroup;
			children = (
				B92001CF9E7B5E79C073D2F2 /* Pods_socialApp.framework */,
				87B25A7CF81447D8551EE4BF /* Pods_socialApp_socialAppUITests.framework */,
				1F53BF204304739769A05EDB /* Pods_socialAppTests.framework */,
			);
			name = Frameworks;
			sourceTree = "<group>";
		};
		FB94CDA32695DAC9006618E4 /* Components */ = {
			isa = PBXGroup;
			children = (
				FB94CDA42695DAE6006618E4 /* IndentedTextField.swift */,
			);
			path = Components;
			sourceTree = "<group>";
		};
		FB94CDA82695E2C7006618E4 /* Controllers */ = {
			isa = PBXGroup;
			children = (
				FB94CDA92695E2F9006618E4 /* HomeController.swift */,
			);
			path = Controllers;
			sourceTree = "<group>";
		};
		FBE5AA732691EE9000496967 = {
			isa = PBXGroup;
			children = (
				FBE5AA7E2691EE9100496967 /* socialApp */,
				FBE5AA952691EE9300496967 /* socialAppTests */,
				FBE5AAA02691EE9400496967 /* socialAppUITests */,
				FBE5AA7D2691EE9100496967 /* Products */,
				0DC9260A9BA1EF473E80C9E2 /* Pods */,
				7D2DE1690FBE3E4E81AE5AA8 /* Frameworks */,
			);
			sourceTree = "<group>";
		};
		FBE5AA7D2691EE9100496967 /* Products */ = {
			isa = PBXGroup;
			children = (
				FBE5AA7C2691EE9100496967 /* socialApp.app */,
				FBE5AA922691EE9300496967 /* socialAppTests.xctest */,
				FBE5AA9D2691EE9300496967 /* socialAppUITests.xctest */,
			);
			name = Products;
			sourceTree = "<group>";
		};
		FBE5AA7E2691EE9100496967 /* socialApp */ = {
			isa = PBXGroup;
			children = (
				FB94CDA82695E2C7006618E4 /* Controllers */,
				FB94CDA32695DAC9006618E4 /* Components */,
				FBE5AA7F2691EE9100496967 /* AppDelegate.swift */,
				FBE5AA812691EE9100496967 /* SceneDelegate.swift */,
				FBE5AA832691EE9100496967 /* LoginController.swift */,
				FBE5AA852691EE9100496967 /* Main.storyboard */,
				FBE5AA882691EE9300496967 /* Assets.xcassets */,
				FBE5AA8A2691EE9300496967 /* LaunchScreen.storyboard */,
				FBE5AA8D2691EE9300496967 /* Info.plist */,
				FBE5AAAF2691FE0500496967 /* Extensions.swift */,
				FB94CDA62695DF65006618E4 /* MainTabBarController.swift */,
			);
			path = socialApp;
			sourceTree = "<group>";
		};
		FBE5AA952691EE9300496967 /* socialAppTests */ = {
			isa = PBXGroup;
			children = (
				FBE5AA962691EE9300496967 /* socialAppTests.swift */,
				FBE5AA982691EE9300496967 /* Info.plist */,
			);
			path = socialAppTests;
			sourceTree = "<group>";
		};
		FBE5AAA02691EE9400496967 /* socialAppUITests */ = {
			isa = PBXGroup;
			children = (
				FBE5AAA12691EE9400496967 /* socialAppUITests.swift */,
				FBE5AAA32691EE9400496967 /* Info.plist */,
			);
			path = socialAppUITests;
			sourceTree = "<group>";
		};
/* End PBXGroup section */

/* Begin PBXNativeTarget section */
		FBE5AA7B2691EE9100496967 /* socialApp */ = {
			isa = PBXNativeTarget;
			buildConfigurationList = FBE5AAA62691EE9400496967 /* Build configuration list for PBXNativeTarget "socialApp" */;
			buildPhases = (
				95179C0CF3B0261D28D3D161 /* [CP] Check Pods Manifest.lock */,
				FBE5AA782691EE9100496967 /* Sources */,
				FBE5AA792691EE9100496967 /* Frameworks */,
				FBE5AA7A2691EE9100496967 /* Resources */,
				42BFF37CBE62B411C4202DCF /* [CP] Embed Pods Frameworks */,
			);
			buildRules = (
			);
			dependencies = (
			);
			name = socialApp;
			productName = socialApp;
			productReference = FBE5AA7C2691EE9100496967 /* socialApp.app */;
			productType = "com.apple.product-type.application";
		};
		FBE5AA912691EE9300496967 /* socialAppTests */ = {
			isa = PBXNativeTarget;
			buildConfigurationList = FBE5AAA92691EE9400496967 /* Build configuration list for PBXNativeTarget "socialAppTests" */;
			buildPhases = (
				8545FB54FB6008A31F14B0DE /* [CP] Check Pods Manifest.lock */,
				FBE5AA8E2691EE9300496967 /* Sources */,
				FBE5AA8F2691EE9300496967 /* Frameworks */,
				FBE5AA902691EE9300496967 /* Resources */,
			);
			buildRules = (
			);
			dependencies = (
				FBE5AA942691EE9300496967 /* PBXTargetDependency */,
			);
			name = socialAppTests;
			productName = socialAppTests;
			productReference = FBE5AA922691EE9300496967 /* socialAppTests.xctest */;
			productType = "com.apple.product-type.bundle.unit-test";
		};
		FBE5AA9C2691EE9300496967 /* socialAppUITests */ = {
			isa = PBXNativeTarget;
			buildConfigurationList = FBE5AAAC2691EE9400496967 /* Build configuration list for PBXNativeTarget "socialAppUITests" */;
			buildPhases = (
				BD7D649D36B97FF409D58685 /* [CP] Check Pods Manifest.lock */,
				FBE5AA992691EE9300496967 /* Sources */,
				FBE5AA9A2691EE9300496967 /* Frameworks */,
				FBE5AA9B2691EE9300496967 /* Resources */,
				08F9EDE852BC986BAA3F5366 /* [CP] Embed Pods Frameworks */,
			);
			buildRules = (
			);
			dependencies = (
				FBE5AA9F2691EE9300496967 /* PBXTargetDependency */,
			);
			name = socialAppUITests;
			productName = socialAppUITests;
			productReference = FBE5AA9D2691EE9300496967 /* socialAppUITests.xctest */;
			productType = "com.apple.product-type.bundle.ui-testing";
		};
/* End PBXNativeTarget section */

/* Begin PBXProject section */
		FBE5AA742691EE9000496967 /* Project object */ = {
			isa = PBXProject;
			attributes = {
				LastSwiftUpdateCheck = 1250;
				LastUpgradeCheck = 1250;
				TargetAttributes = {
					FBE5AA7B2691EE9100496967 = {
						CreatedOnToolsVersion = 12.5.1;
					};
					FBE5AA912691EE9300496967 = {
						CreatedOnToolsVersion = 12.5.1;
						TestTargetID = FBE5AA7B2691EE9100496967;
					};
					FBE5AA9C2691EE9300496967 = {
						CreatedOnToolsVersion = 12.5.1;
						TestTargetID = FBE5AA7B2691EE9100496967;
					};
				};
			};
			buildConfigurationList = FBE5AA772691EE9000496967 /* Build configuration list for PBXProject "socialApp" */;
			compatibilityVersion = "Xcode 9.3";
			developmentRegion = en;
			hasScannedForEncodings = 0;
			knownRegions = (
				en,
				Base,
			);
			mainGroup = FBE5AA732691EE9000496967;
			productRefGroup = FBE5AA7D2691EE9100496967 /* Products */;
			projectDirPath = "";
			projectRoot = "";
			targets = (
				FBE5AA7B2691EE9100496967 /* socialApp */,
				FBE5AA912691EE9300496967 /* socialAppTests */,
				FBE5AA9C2691EE9300496967 /* socialAppUITests */,
			);
		};
/* End PBXProject section */

/* Begin PBXResourcesBuildPhase section */
		FBE5AA7A2691EE9100496967 /* Resources */ = {
			isa = PBXResourcesBuildPhase;
			buildActionMask = 2147483647;
			files = (
				FBE5AA8C2691EE9300496967 /* LaunchScreen.storyboard in Resources */,
				FBE5AA892691EE9300496967 /* Assets.xcassets in Resources */,
				FBE5AA872691EE9100496967 /* Main.storyboard in Resources */,
			);
			runOnlyForDeploymentPostprocessing = 0;
		};
		FBE5AA902691EE9300496967 /* Resources */ = {
			isa = PBXResourcesBuildPhase;
			buildActionMask = 2147483647;
			files = (
			);
			runOnlyForDeploymentPostprocessing = 0;
		};
		FBE5AA9B2691EE9300496967 /* Resources */ = {
			isa = PBXResourcesBuildPhase;
			buildActionMask = 2147483647;
			files = (
			);
			runOnlyForDeploymentPostprocessing = 0;
		};
/* End PBXResourcesBuildPhase section */

/* Begin PBXShellScriptBuildPhase section */
		08F9EDE852BC986BAA3F5366 /* [CP] Embed Pods Frameworks */ = {
			isa = PBXShellScriptBuildPhase;
			buildActionMask = 2147483647;
			files = (
			);
			inputFileListPaths = (
				"${PODS_ROOT}/Target Support Files/Pods-socialApp-socialAppUITests/Pods-socialApp-socialAppUITests-frameworks-${CONFIGURATION}-input-files.xcfilelist",
			);
			name = "[CP] Embed Pods Frameworks";
			outputFileListPaths = (
				"${PODS_ROOT}/Target Support Files/Pods-socialApp-socialAppUITests/Pods-socialApp-socialAppUITests-frameworks-${CONFIGURATION}-output-files.xcfilelist",
			);
			runOnlyForDeploymentPostprocessing = 0;
			shellPath = /bin/sh;
			shellScript = "\"${PODS_ROOT}/Target Support Files/Pods-socialApp-socialAppUITests/Pods-socialApp-socialAppUITests-frameworks.sh\"\n";
			showEnvVarsInLog = 0;
		};
		42BFF37CBE62B411C4202DCF /* [CP] Embed Pods Frameworks */ = {
			isa = PBXShellScriptBuildPhase;
			buildActionMask = 2147483647;
			files = (
			);
			inputFileListPaths = (
				"${PODS_ROOT}/Target Support Files/Pods-socialApp/Pods-socialApp-frameworks-${CONFIGURATION}-input-files.xcfilelist",
			);
			name = "[CP] Embed Pods Frameworks";
			outputFileListPaths = (
				"${PODS_ROOT}/Target Support Files/Pods-socialApp/Pods-socialApp-frameworks-${CONFIGURATION}-output-files.xcfilelist",
			);
			runOnlyForDeploymentPostprocessing = 0;
			shellPath = /bin/sh;
			shellScript = "\"${PODS_ROOT}/Target Support Files/Pods-socialApp/Pods-socialApp-frameworks.sh\"\n";
			showEnvVarsInLog = 0;
		};
		8545FB54FB6008A31F14B0DE /* [CP] Check Pods Manifest.lock */ = {
			isa = PBXShellScriptBuildPhase;
			buildActionMask = 2147483647;
			files = (
			);
			inputFileListPaths = (
			);
			inputPaths = (
				"${PODS_PODFILE_DIR_PATH}/Podfile.lock",
				"${PODS_ROOT}/Manifest.lock",
			);
			name = "[CP] Check Pods Manifest.lock";
			outputFileListPaths = (
			);
			outputPaths = (
				"$(DERIVED_FILE_DIR)/Pods-socialAppTests-checkManifestLockResult.txt",
			);
			runOnlyForDeploymentPostprocessing = 0;
			shellPath = /bin/sh;
			shellScript = "diff \"${PODS_PODFILE_DIR_PATH}/Podfile.lock\" \"${PODS_ROOT}/Manifest.lock\" > /dev/null\nif [ $? != 0 ] ; then\n    # print error to STDERR\n    echo \"error: The sandbox is not in sync with the Podfile.lock. Run 'pod install' or update your CocoaPods installation.\" >&2\n    exit 1\nfi\n# This output is used by Xcode 'outputs' to avoid re-running this script phase.\necho \"SUCCESS\" > \"${SCRIPT_OUTPUT_FILE_0}\"\n";
			showEnvVarsInLog = 0;
		};
		95179C0CF3B0261D28D3D161 /* [CP] Check Pods Manifest.lock */ = {
			isa = PBXShellScriptBuildPhase;
			buildActionMask = 2147483647;
			files = (
			);
			inputFileListPaths = (
			);
			inputPaths = (
				"${PODS_PODFILE_DIR_PATH}/Podfile.lock",
				"${PODS_ROOT}/Manifest.lock",
			);
			name = "[CP] Check Pods Manifest.lock";
			outputFileListPaths = (
			);
			outputPaths = (
				"$(DERIVED_FILE_DIR)/Pods-socialApp-checkManifestLockResult.txt",
			);
			runOnlyForDeploymentPostprocessing = 0;
			shellPath = /bin/sh;
			shellScript = "diff \"${PODS_PODFILE_DIR_PATH}/Podfile.lock\" \"${PODS_ROOT}/Manifest.lock\" > /dev/null\nif [ $? != 0 ] ; then\n    # print error to STDERR\n    echo \"error: The sandbox is not in sync with the Podfile.lock. Run 'pod install' or update your CocoaPods installation.\" >&2\n    exit 1\nfi\n# This output is used by Xcode 'outputs' to avoid re-running this script phase.\necho \"SUCCESS\" > \"${SCRIPT_OUTPUT_FILE_0}\"\n";
			showEnvVarsInLog = 0;
		};
		BD7D649D36B97FF409D58685 /* [CP] Check Pods Manifest.lock */ = {
			isa = PBXShellScriptBuildPhase;
			buildActionMask = 2147483647;
			files = (
			);
			inputFileListPaths = (
			);
			inputPaths = (
				"${PODS_PODFILE_DIR_PATH}/Podfile.lock",
				"${PODS_ROOT}/Manifest.lock",
			);
			name = "[CP] Check Pods Manifest.lock";
			outputFileListPaths = (
			);
			outputPaths = (
				"$(DERIVED_FILE_DIR)/Pods-socialApp-socialAppUITests-checkManifestLockResult.txt",
			);
			runOnlyForDeploymentPostprocessing = 0;
			shellPath = /bin/sh;
			shellScript = "diff \"${PODS_PODFILE_DIR_PATH}/Podfile.lock\" \"${PODS_ROOT}/Manifest.lock\" > /dev/null\nif [ $? != 0 ] ; then\n    # print error to STDERR\n    echo \"error: The sandbox is not in sync with the Podfile.lock. Run 'pod install' or update your CocoaPods installation.\" >&2\n    exit 1\nfi\n# This output is used by Xcode 'outputs' to avoid re-running this script phase.\necho \"SUCCESS\" > \"${SCRIPT_OUTPUT_FILE_0}\"\n";
			showEnvVarsInLog = 0;
		};
/* End PBXShellScriptBuildPhase section */

/* Begin PBXSourcesBuildPhase section */
		FBE5AA782691EE9100496967 /* Sources */ = {
			isa = PBXSourcesBuildPhase;
			buildActionMask = 2147483647;
			files = (
				FB94CDA52695DAE6006618E4 /* IndentedTextField.swift in Sources */,
				FBE5AA842691EE9100496967 /* LoginController.swift in Sources */,
				FB94CDAA2695E2F9006618E4 /* HomeController.swift in Sources */,
				FB94CDA72695DF65006618E4 /* MainTabBarController.swift in Sources */,
				FBE5AA802691EE9100496967 /* AppDelegate.swift in Sources */,
				FBE5AA822691EE9100496967 /* SceneDelegate.swift in Sources */,
				FBE5AAB02691FE0500496967 /* Extensions.swift in Sources */,
			);
			runOnlyForDeploymentPostprocessing = 0;
		};
		FBE5AA8E2691EE9300496967 /* Sources */ = {
			isa = PBXSourcesBuildPhase;
			buildActionMask = 2147483647;
			files = (
				FBE5AA972691EE9300496967 /* socialAppTests.swift in Sources */,
			);
			runOnlyForDeploymentPostprocessing = 0;
		};
		FBE5AA992691EE9300496967 /* Sources */ = {
			isa = PBXSourcesBuildPhase;
			buildActionMask = 2147483647;
			files = (
				FBE5AAA22691EE9400496967 /* socialAppUITests.swift in Sources */,
			);
			runOnlyForDeploymentPostprocessing = 0;
		};
/* End PBXSourcesBuildPhase section */

/* Begin PBXTargetDependency section */
		FBE5AA942691EE9300496967 /* PBXTargetDependency */ = {
			isa = PBXTargetDependency;
			target = FBE5AA7B2691EE9100496967 /* socialApp */;
			targetProxy = FBE5AA932691EE9300496967 /* PBXContainerItemProxy */;
		};
		FBE5AA9F2691EE9300496967 /* PBXTargetDependency */ = {
			isa = PBXTargetDependency;
			target = FBE5AA7B2691EE9100496967 /* socialApp */;
			targetProxy = FBE5AA9E2691EE9300496967 /* PBXContainerItemProxy */;
		};
/* End PBXTargetDependency section */

/* Begin PBXVariantGroup section */
		FBE5AA852691EE9100496967 /* Main.storyboard */ = {
			isa = PBXVariantGroup;
			children = (
				FBE5AA862691EE9100496967 /* Base */,
			);
			name = Main.storyboard;
			sourceTree = "<group>";
		};
		FBE5AA8A2691EE9300496967 /* LaunchScreen.storyboard */ = {
			isa = PBXVariantGroup;
			children = (
				FBE5AA8B2691EE9300496967 /* Base */,
			);
			name = LaunchScreen.storyboard;
			sourceTree = "<group>";
		};
/* End PBXVariantGroup section */

/* Begin XCBuildConfiguration section */
		FBE5AAA42691EE9400496967 /* Debug */ = {
			isa = XCBuildConfiguration;
			buildSettings = {
				ALWAYS_SEARCH_USER_PATHS = NO;
				CLANG_ANALYZER_NONNULL = YES;
				CLANG_ANALYZER_NUMBER_OBJECT_CONVERSION = YES_AGGRESSIVE;
				CLANG_CXX_LANGUAGE_STANDARD = "gnu++14";
				CLANG_CXX_LIBRARY = "libc++";
				CLANG_ENABLE_MODULES = YES;
				CLANG_ENABLE_OBJC_ARC = YES;
				CLANG_ENABLE_OBJC_WEAK = YES;
				CLANG_WARN_BLOCK_CAPTURE_AUTORELEASING = YES;
				CLANG_WARN_BOOL_CONVERSION = YES;
				CLANG_WARN_COMMA = YES;
				CLANG_WARN_CONSTANT_CONVERSION = YES;
				CLANG_WARN_DEPRECATED_OBJC_IMPLEMENTATIONS = YES;
				CLANG_WARN_DIRECT_OBJC_ISA_USAGE = YES_ERROR;
				CLANG_WARN_DOCUMENTATION_COMMENTS = YES;
				CLANG_WARN_EMPTY_BODY = YES;
				CLANG_WARN_ENUM_CONVERSION = YES;
				CLANG_WARN_INFINITE_RECURSION = YES;
				CLANG_WARN_INT_CONVERSION = YES;
				CLANG_WARN_NON_LITERAL_NULL_CONVERSION = YES;
				CLANG_WARN_OBJC_IMPLICIT_RETAIN_SELF = YES;
				CLANG_WARN_OBJC_LITERAL_CONVERSION = YES;
				CLANG_WARN_OBJC_ROOT_CLASS = YES_ERROR;
				CLANG_WARN_QUOTED_INCLUDE_IN_FRAMEWORK_HEADER = YES;
				CLANG_WARN_RANGE_LOOP_ANALYSIS = YES;
				CLANG_WARN_STRICT_PROTOTYPES = YES;
				CLANG_WARN_SUSPICIOUS_MOVE = YES;
				CLANG_WARN_UNGUARDED_AVAILABILITY = YES_AGGRESSIVE;
				CLANG_WARN_UNREACHABLE_CODE = YES;
				CLANG_WARN__DUPLICATE_METHOD_MATCH = YES;
				COPY_PHASE_STRIP = NO;
				DEBUG_INFORMATION_FORMAT = dwarf;
				ENABLE_STRICT_OBJC_MSGSEND = YES;
				ENABLE_TESTABILITY = YES;
				GCC_C_LANGUAGE_STANDARD = gnu11;
				GCC_DYNAMIC_NO_PIC = NO;
				GCC_NO_COMMON_BLOCKS = YES;
				GCC_OPTIMIZATION_LEVEL = 0;
				GCC_PREPROCESSOR_DEFINITIONS = (
					"DEBUG=1",
					"$(inherited)",
				);
				GCC_WARN_64_TO_32_BIT_CONVERSION = YES;
				GCC_WARN_ABOUT_RETURN_TYPE = YES_ERROR;
				GCC_WARN_UNDECLARED_SELECTOR = YES;
				GCC_WARN_UNINITIALIZED_AUTOS = YES_AGGRESSIVE;
				GCC_WARN_UNUSED_FUNCTION = YES;
				GCC_WARN_UNUSED_VARIABLE = YES;
				IPHONEOS_DEPLOYMENT_TARGET = 14.5;
				MTL_ENABLE_DEBUG_INFO = INCLUDE_SOURCE;
				MTL_FAST_MATH = YES;
				ONLY_ACTIVE_ARCH = YES;
				SDKROOT = iphoneos;
				SWIFT_ACTIVE_COMPILATION_CONDITIONS = DEBUG;
				SWIFT_OPTIMIZATION_LEVEL = "-Onone";
			};
			name = Debug;
		};
		FBE5AAA52691EE9400496967 /* Release */ = {
			isa = XCBuildConfiguration;
			buildSettings = {
				ALWAYS_SEARCH_USER_PATHS = NO;
				CLANG_ANALYZER_NONNULL = YES;
				CLANG_ANALYZER_NUMBER_OBJECT_CONVERSION = YES_AGGRESSIVE;
				CLANG_CXX_LANGUAGE_STANDARD = "gnu++14";
				CLANG_CXX_LIBRARY = "libc++";
				CLANG_ENABLE_MODULES = YES;
				CLANG_ENABLE_OBJC_ARC = YES;
				CLANG_ENABLE_OBJC_WEAK = YES;
				CLANG_WARN_BLOCK_CAPTURE_AUTORELEASING = YES;
				CLANG_WARN_BOOL_CONVERSION = YES;
				CLANG_WARN_COMMA = YES;
				CLANG_WARN_CONSTANT_CONVERSION = YES;
				CLANG_WARN_DEPRECATED_OBJC_IMPLEMENTATIONS = YES;
				CLANG_WARN_DIRECT_OBJC_ISA_USAGE = YES_ERROR;
				CLANG_WARN_DOCUMENTATION_COMMENTS = YES;
				CLANG_WARN_EMPTY_BODY = YES;
				CLANG_WARN_ENUM_CONVERSION = YES;
				CLANG_WARN_INFINITE_RECURSION = YES;
				CLANG_WARN_INT_CONVERSION = YES;
				CLANG_WARN_NON_LITERAL_NULL_CONVERSION = YES;
				CLANG_WARN_OBJC_IMPLICIT_RETAIN_SELF = YES;
				CLANG_WARN_OBJC_LITERAL_CONVERSION = YES;
				CLANG_WARN_OBJC_ROOT_CLASS = YES_ERROR;
				CLANG_WARN_QUOTED_INCLUDE_IN_FRAMEWORK_HEADER = YES;
				CLANG_WARN_RANGE_LOOP_ANALYSIS = YES;
				CLANG_WARN_STRICT_PROTOTYPES = YES;
				CLANG_WARN_SUSPICIOUS_MOVE = YES;
				CLANG_WARN_UNGUARDED_AVAILABILITY = YES_AGGRESSIVE;
				CLANG_WARN_UNREACHABLE_CODE = YES;
				CLANG_WARN__DUPLICATE_METHOD_MATCH = YES;
				COPY_PHASE_STRIP = NO;
				DEBUG_INFORMATION_FORMAT = "dwarf-with-dsym";
				ENABLE_NS_ASSERTIONS = NO;
				ENABLE_STRICT_OBJC_MSGSEND = YES;
				GCC_C_LANGUAGE_STANDARD = gnu11;
				GCC_NO_COMMON_BLOCKS = YES;
				GCC_WARN_64_TO_32_BIT_CONVERSION = YES;
				GCC_WARN_ABOUT_RETURN_TYPE = YES_ERROR;
				GCC_WARN_UNDECLARED_SELECTOR = YES;
				GCC_WARN_UNINITIALIZED_AUTOS = YES_AGGRESSIVE;
				GCC_WARN_UNUSED_FUNCTION = YES;
				GCC_WARN_UNUSED_VARIABLE = YES;
				IPHONEOS_DEPLOYMENT_TARGET = 14.5;
				MTL_ENABLE_DEBUG_INFO = NO;
				MTL_FAST_MATH = YES;
				SDKROOT = iphoneos;
				SWIFT_COMPILATION_MODE = wholemodule;
				SWIFT_OPTIMIZATION_LEVEL = "-O";
				VALIDATE_PRODUCT = YES;
			};
			name = Release;
		};
		FBE5AAA72691EE9400496967 /* Debug */ = {
			isa = XCBuildConfiguration;
			baseConfigurationReference = 32733B2095250ED457C8D8CE /* Pods-socialApp.debug.xcconfig */;
			buildSettings = {
				ASSETCATALOG_COMPILER_APPICON_NAME = AppIcon;
				ASSETCATALOG_COMPILER_GLOBAL_ACCENT_COLOR_NAME = AccentColor;
				CODE_SIGN_STYLE = Automatic;
				DEVELOPMENT_TEAM = SBYW4Z8RW3;
				INFOPLIST_FILE = socialApp/Info.plist;
				LD_RUNPATH_SEARCH_PATHS = (
					"$(inherited)",
					"@executable_path/Frameworks",
				);
				PRODUCT_BUNDLE_IDENTIFIER = me.socialApp;
				PRODUCT_NAME = "$(TARGET_NAME)";
				SWIFT_VERSION = 5.0;
				TARGETED_DEVICE_FAMILY = 1;
			};
			name = Debug;
		};
		FBE5AAA82691EE9400496967 /* Release */ = {
			isa = XCBuildConfiguration;
			baseConfigurationReference = 139D7EEE77C9493E82BB3C51 /* Pods-socialApp.release.xcconfig */;
			buildSettings = {
				ASSETCATALOG_COMPILER_APPICON_NAME = AppIcon;
				ASSETCATALOG_COMPILER_GLOBAL_ACCENT_COLOR_NAME = AccentColor;
				CODE_SIGN_STYLE = Automatic;
				DEVELOPMENT_TEAM = SBYW4Z8RW3;
				INFOPLIST_FILE = socialApp/Info.plist;
				LD_RUNPATH_SEARCH_PATHS = (
					"$(inherited)",
					"@executable_path/Frameworks",
				);
				PRODUCT_BUNDLE_IDENTIFIER = me.socialApp;
				PRODUCT_NAME = "$(TARGET_NAME)";
				SWIFT_VERSION = 5.0;
				TARGETED_DEVICE_FAMILY = 1;
			};
			name = Release;
		};
		FBE5AAAA2691EE9400496967 /* Debug */ = {
			isa = XCBuildConfiguration;
			baseConfigurationReference = 12112232B89C3476AF22FB6D /* Pods-socialAppTests.debug.xcconfig */;
			buildSettings = {
				ALWAYS_EMBED_SWIFT_STANDARD_LIBRARIES = YES;
				BUNDLE_LOADER = "$(TEST_HOST)";
				CODE_SIGN_STYLE = Automatic;
				DEVELOPMENT_TEAM = SBYW4Z8RW3;
				INFOPLIST_FILE = socialAppTests/Info.plist;
				IPHONEOS_DEPLOYMENT_TARGET = 14.5;
				LD_RUNPATH_SEARCH_PATHS = (
					"$(inherited)",
					"@executable_path/Frameworks",
					"@loader_path/Frameworks",
				);
				PRODUCT_BUNDLE_IDENTIFIER = me.socialAppTests;
				PRODUCT_NAME = "$(TARGET_NAME)";
				SWIFT_VERSION = 5.0;
				TARGETED_DEVICE_FAMILY = "1,2";
				TEST_HOST = "$(BUILT_PRODUCTS_DIR)/socialApp.app/socialApp";
			};
			name = Debug;
		};
		FBE5AAAB2691EE9400496967 /* Release */ = {
			isa = XCBuildConfiguration;
			baseConfigurationReference = 568C8A696EC28F6C23B0D6D9 /* Pods-socialAppTests.release.xcconfig */;
			buildSettings = {
				ALWAYS_EMBED_SWIFT_STANDARD_LIBRARIES = YES;
				BUNDLE_LOADER = "$(TEST_HOST)";
				CODE_SIGN_STYLE = Automatic;
				DEVELOPMENT_TEAM = SBYW4Z8RW3;
				INFOPLIST_FILE = socialAppTests/Info.plist;
				IPHONEOS_DEPLOYMENT_TARGET = 14.5;
				LD_RUNPATH_SEARCH_PATHS = (
					"$(inherited)",
					"@executable_path/Frameworks",
					"@loader_path/Frameworks",
				);
				PRODUCT_BUNDLE_IDENTIFIER = me.socialAppTests;
				PRODUCT_NAME = "$(TARGET_NAME)";
				SWIFT_VERSION = 5.0;
				TARGETED_DEVICE_FAMILY = "1,2";
				TEST_HOST = "$(BUILT_PRODUCTS_DIR)/socialApp.app/socialApp";
			};
			name = Release;
		};
		FBE5AAAD2691EE9400496967 /* Debug */ = {
			isa = XCBuildConfiguration;
			baseConfigurationReference = E2E477D64577C47D3F88E8B8 /* Pods-socialApp-socialAppUITests.debug.xcconfig */;
			buildSettings = {
				ALWAYS_EMBED_SWIFT_STANDARD_LIBRARIES = YES;
				CODE_SIGN_STYLE = Automatic;
				DEVELOPMENT_TEAM = SBYW4Z8RW3;
				INFOPLIST_FILE = socialAppUITests/Info.plist;
				LD_RUNPATH_SEARCH_PATHS = (
					"$(inherited)",
					"@executable_path/Frameworks",
					"@loader_path/Frameworks",
				);
				PRODUCT_BUNDLE_IDENTIFIER = me.socialAppUITests;
				PRODUCT_NAME = "$(TARGET_NAME)";
				SWIFT_VERSION = 5.0;
				TARGETED_DEVICE_FAMILY = "1,2";
				TEST_TARGET_NAME = socialApp;
			};
			name = Debug;
		};
		FBE5AAAE2691EE9400496967 /* Release */ = {
			isa = XCBuildConfiguration;
			baseConfigurationReference = FC9D244C9AE597B8A540E0DA /* Pods-socialApp-socialAppUITests.release.xcconfig */;
			buildSettings = {
				ALWAYS_EMBED_SWIFT_STANDARD_LIBRARIES = YES;
				CODE_SIGN_STYLE = Automatic;
				DEVELOPMENT_TEAM = SBYW4Z8RW3;
				INFOPLIST_FILE = socialAppUITests/Info.plist;
				LD_RUNPATH_SEARCH_PATHS = (
					"$(inherited)",
					"@executable_path/Frameworks",
					"@loader_path/Frameworks",
				);
				PRODUCT_BUNDLE_IDENTIFIER = me.socialAppUITests;
				PRODUCT_NAME = "$(TARGET_NAME)";
				SWIFT_VERSION = 5.0;
				TARGETED_DEVICE_FAMILY = "1,2";
				TEST_TARGET_NAME = socialApp;
			};
			name = Release;
		};
/* End XCBuildConfiguration section */

/* Begin XCConfigurationList section */
		FBE5AA772691EE9000496967 /* Build configuration list for PBXProject "socialApp" */ = {
			isa = XCConfigurationList;
			buildConfigurations = (
				FBE5AAA42691EE9400496967 /* Debug */,
				FBE5AAA52691EE9400496967 /* Release */,
			);
			defaultConfigurationIsVisible = 0;
			defaultConfigurationName = Release;
		};
		FBE5AAA62691EE9400496967 /* Build configuration list for PBXNativeTarget "socialApp" */ = {
			isa = XCConfigurationList;
			buildConfigurations = (
				FBE5AAA72691EE9400496967 /* Debug */,
				FBE5AAA82691EE9400496967 /* Release */,
			);
			defaultConfigurationIsVisible = 0;
			defaultConfigurationName = Release;
		};
		FBE5AAA92691EE9400496967 /* Build configuration list for PBXNativeTarget "socialAppTests" */ = {
			isa = XCConfigurationList;
			buildConfigurations = (
				FBE5AAAA2691EE9400496967 /* Debug */,
				FBE5AAAB2691EE9400496967 /* Release */,
			);
			defaultConfigurationIsVisible = 0;
			defaultConfigurationName = Release;
		};
		FBE5AAAC2691EE9400496967 /* Build configuration list for PBXNativeTarget "socialAppUITests" */ = {
			isa = XCConfigurationList;
			buildConfigurations = (
				FBE5AAAD2691EE9400496967 /* Debug */,
				FBE5AAAE2691EE9400496967 /* Release */,
			);
			defaultConfigurationIsVisible = 0;
			defaultConfigurationName = Release;
		};
/* End XCConfigurationList section */
	};
	rootObject = FBE5AA742691EE9000496967 /* Project object */;
}
